
Microsoft Visual Studio Solution File, Format Version 12.00
# Visual Studio 15
VisualStudioVersion = 15.0.28307.960
MinimumVisualStudioVersion = 10.0.40219.1
Project("{159641D6-6404-4A2A-AE62-294DE0FE8301}") = "REV_SA", "REV_SA\REV_SA.dtproj", "{14E15138-F8AB-4655-9293-76AADA3A1BF0}"
EndProject
Project("{159641D6-6404-4A2A-AE62-294DE0FE8301}") = "REV_DM", "REV_DM\REV_DM.dtproj", "{16EA6484-F4BA-4529-875B-336ED3AF4338}"
EndProject
Project("{159641D6-6404-4A2A-AE62-294DE0FE8301}") = "REV_ESSBASE", "REV_ESSBASE\REV_ESSBASE.dtproj", "{4CB09FD2-4C74-4E24-A77E-8D4F974AA3D1}"
EndProject
Project("{159641D6-6404-4A2A-AE62-294DE0FE8301}") = "REV_PCK_LEV_2", "REV_PCK_LEV_2\REV_PCK_LEV_2.dtproj", "{C2429F83-7A2C-4D7F-B96C-DE4D5AA2CA02}"
EndProject
Project("{159641D6-6404-4A2A-AE62-294DE0FE8301}") = "REV_M03_1_AFC_SA", "REV_M03_1_AFC_SA\REV_M03_1_AFC_SA.dtproj", "{BE08CB7F-1633-4B54-B5C3-776FD45B831E}"
EndProject
Project("{159641D6-6404-4A2A-AE62-294DE0FE8301}") = "REV_M03_2_AFC_EXPORT", "REV_M03_2_AFC_EXPORT\REV_M03_2_AFC_EXPORT.dtproj", "{17A1C10D-E47D-424D-BDDD-EC8347BB0492}"
EndProject
Project("{159641D6-6404-4A2A-AE62-294DE0FE8301}") = "REV_M00_1_INTERFACCE_DB", "REV_M00_1_INTERFACCE_DB\REV_M00_1_INTERFACCE_DB.dtproj", "{D74692B5-9AE6-4C08-AC7A-04753DC1C187}"
EndProject
Project("{159641D6-6404-4A2A-AE62-294DE0FE8301}") = "REV_M01_4_SCONTI_LEV_2_3", "REV_M01_4_SCONTI_LEV_2_3\REV_M01_4_SCONTI_LEV_2_3.dtproj", "{8F188331-2DAD-4ADE-8DFA-EAEDEFC245FC}"
EndProject
Project("{159641D6-6404-4A2A-AE62-294DE0FE8301}") = "REV_M00_2_SORGENTI_FLUSSI", "REV_M00_2_SORGENTI_FLUSSI\REV_M00_2_SORGENTI_FLUSSI.dtproj", "{F923148C-9BD2-44E8-AE4C-B68BA2BC540B}"
EndProject
Project("{159641D6-6404-4A2A-AE62-294DE0FE8301}") = "REV_M00_5_LEV_4", "REV_M00_5_LEV_4\REV_M00_5_LEV_4.dtproj", "{C3C757BD-4758-4C8A-A4B6-5CEC3108D27E}"
EndProject
Project("{159641D6-6404-4A2A-AE62-294DE0FE8301}") = "REV_M01_2_SCONTI_DM", "REV_M01_2_SCONTI_DM\REV_M01_2_SCONTI_DM.dtproj", "{BB21DE2F-74AF-4522-953A-4B6421F8CCE1}"
EndProject
Project("{159641D6-6404-4A2A-AE62-294DE0FE8301}") = "REV_M01_1_SCONTI_SA", "REV_M01_1_SCONTI_SA\REV_M01_1_SCONTI_SA.dtproj", "{F1FBFD3A-373E-4BE3-9466-A6535B378BA6}"
EndProject
Project("{159641D6-6404-4A2A-AE62-294DE0FE8301}") = "REV_M00_4_INIT", "REV_M00_4_INIT\REV_M00_4_INIT.dtproj", "{EFC05A60-E0B7-485C-B4CF-D594C810BD3B}"
EndProject
Project("{159641D6-6404-4A2A-AE62-294DE0FE8301}") = "REV_M01_3_SCONTI_ESSBASE", "REV_M01_3_SCONTI_ESSBASE\REV_M01_3_SCONTI_ESSBASE.dtproj", "{271C75DA-CD94-42B1-BB03-A8A237FF9BDD}"
EndProject
Project("{159641D6-6404-4A2A-AE62-294DE0FE8301}") = "REV_M02_1_PREMIUM_SA", "REV_M02_1_PREMIUM_SA\REV_M02_1_PREMIUM_SA.dtproj", "{2FBCF4F3-C541-4826-A54F-AD7751A59105}"
EndProject
Project("{159641D6-6404-4A2A-AE62-294DE0FE8301}") = "REV_M02_2_PREMIUM_DM", "REV_M02_2_PREMIUM_DM\REV_M02_2_PREMIUM_DM.dtproj", "{F8EDCE8B-29C8-438C-BA87-2FE3255EDA71}"
EndProject
Project("{159641D6-6404-4A2A-AE62-294DE0FE8301}") = "REV_M02_4_PREMIUM_LEV_2_3", "REV_M02_4_PREMIUM_LEV_2_3\REV_M02_4_PREMIUM_LEV_2_3.dtproj", "{73389E4A-415E-4B48-9791-9864E273335F}"
EndProject
Project("{159641D6-6404-4A2A-AE62-294DE0FE8301}") = "REV_M03_3_AFC_LEV_2_3", "REV_M03_3_AFC_LEV_2_3\REV_M03_3_AFC_LEV_2_3.dtproj", "{A6559A55-DA9F-43F4-AEDB-7EB77991D204}"
EndProject
Project("{159641D6-6404-4A2A-AE62-294DE0FE8301}") = "REV_M00_3_IMPORT_LEV_2", "REV_M00_3_IMPORT_LEV_2\REV_M00_3_IMPORT_LEV_2.dtproj", "{FED2B699-9DF8-4B30-81AD-13D9035133E1}"
EndProject
Project("{159641D6-6404-4A2A-AE62-294DE0FE8301}") = "REV_M04_1_AP_SA", "REV_M04_1_AP_SA\REV_M04_1_AP_SA.dtproj", "{CB819040-B5C3-4AC5-A088-E44C45B9ACD2}"
EndProject
Project("{159641D6-6404-4A2A-AE62-294DE0FE8301}") = "REV_M04_2_AP_DM", "REV_M04_2_AP_DM\REV_M04_2_AP_DM.dtproj", "{F4A7445B-F6C9-4AD1-93AB-0EB27B35D94A}"
EndProject
Project("{159641D6-6404-4A2A-AE62-294DE0FE8301}") = "REV_M04_3_AP_ESSBASE", "REV_M04_3_AP_ESSBASE\REV_M04_3_AP_ESSBASE.dtproj", "{B4B4087C-F6CF-4005-80E6-55F91C5E1885}"
EndProject
Project("{159641D6-6404-4A2A-AE62-294DE0FE8301}") = "REV_M04_4_AP_LEV_2_3", "REV_M04_4_AP_LEV_2_3\REV_M04_4_AP_LEV_2_3.dtproj", "{ABFBEA3A-09EB-4319-BB4A-2AA17CC41A31}"
EndProject
Project("{159641D6-6404-4A2A-AE62-294DE0FE8301}") = "REV_M08_1_MIN_RIC_SA", "REV_M08_1_MIN_RIC_SA\REV_M08_1_MIN_RIC_SA.dtproj", "{ED584069-A58C-42EC-980B-6B3F4177679B}"
EndProject
Project("{159641D6-6404-4A2A-AE62-294DE0FE8301}") = "REV_M08_2_MIN_RIC_DM", "REV_M08_2_MIN_RIC_DM\REV_M08_2_MIN_RIC_DM.dtproj", "{453EB560-1471-4784-889B-4DFD7C0B50F0}"
EndProject
Project("{159641D6-6404-4A2A-AE62-294DE0FE8301}") = "REV_M08_4_MIN_RIC_LEV_2_3", "REV_M08_4_MIN_RIC_LEV_2_3\REV_M08_4_MIN_RIC_LEV_2_3.dtproj", "{8BD258FE-3FAD-4CB9-B01D-CBC4DBFF9534}"
EndProject
Project("{159641D6-6404-4A2A-AE62-294DE0FE8301}") = "REV_M08_3_MIN_RIC_ESSBASE", "REV_M08_3_MIN_RIC_ESSBASE\REV_M08_3_MIN_RIC_ESSBASE.dtproj", "{FC820BEF-4F22-49FC-B65C-D4EAC3A89E23}"
EndProject
Project("{159641D6-6404-4A2A-AE62-294DE0FE8301}") = "REV_M09_1_VOUCHER_SA", "REV_M09_1_VOUCHER_SA\REV_M09_1_VOUCHER_SA.dtproj", "{185BB55E-618E-4F6A-93B5-E400C3B7DA33}"
EndProject
Project("{159641D6-6404-4A2A-AE62-294DE0FE8301}") = "REV_M09_2_VOUCHER_DM", "REV_M09_2_VOUCHER_DM\REV_M09_2_VOUCHER_DM.dtproj", "{6A39CB54-5E15-48B1-9F64-C615784132A1}"
EndProject
Project("{159641D6-6404-4A2A-AE62-294DE0FE8301}") = "REV_M09_3_VOUCHER_ESSBASE", "REV_M09_3_VOUCHER_ESSBASE\REV_M09_3_VOUCHER_ESSBASE.dtproj", "{996145A5-DBF9-4C27-B35F-39F3281CFDD5}"
EndProject
Project("{159641D6-6404-4A2A-AE62-294DE0FE8301}") = "REV_M09_4_VOUCHER_LEV_2_3", "REV_M09_4_VOUCHER_LEV_2_3\REV_M09_4_VOUCHER_LEV_2_3.dtproj", "{A74DF47E-B932-46F6-B80C-FF511323012F}"
EndProject
Project("{159641D6-6404-4A2A-AE62-294DE0FE8301}") = "REV_M10_1_SOSPESI_SA", "REV_M10_1_SOSPESI_SA\REV_M10_1_SOSPESI_SA.dtproj", "{2E8965A7-DDB0-4A86-BF97-A92ADA9941CC}"
EndProject
Project("{159641D6-6404-4A2A-AE62-294DE0FE8301}") = "REV_M10_2_SOSPESI_DM", "REV_M10_2_SOSPESI_DM\REV_M10_2_SOSPESI_DM.dtproj", "{B747FCD4-20FE-4075-B28C-D78B946EC1B9}"
EndProject
Project("{159641D6-6404-4A2A-AE62-294DE0FE8301}") = "REV_M10_3_SOSPESI_ESSBASE", "REV_M10_3_SOSPESI_ESSBASE\REV_M10_3_SOSPESI_ESSBASE.dtproj", "{497600F7-875C-4C04-AA36-45CCE5756588}"
EndProject
Project("{159641D6-6404-4A2A-AE62-294DE0FE8301}") = "REV_M10_4_SOSPESI_LEV_2_3", "REV_M10_4_SOSPESI_LEV_2_3\REV_M10_4_SOSPESI_LEV_2_3.dtproj", "{2848028D-C3AE-4898-84D5-701AABA6C295}"
EndProject
Project("{159641D6-6404-4A2A-AE62-294DE0FE8301}") = "REV_M11_1_ACT_FEE_STD_SA", "REV_M11_1_ACT_FEE_STD_SA\REV_M11_1_ACT_FEE_STD_SA.dtproj", "{A293C687-A1BD-47F6-8241-9D319C77BB09}"
EndProject
Project("{159641D6-6404-4A2A-AE62-294DE0FE8301}") = "REV_M11_2_ACT_FEE_STD_DM", "REV_M11_2_ACT_FEE_STD_DM\REV_M11_2_ACT_FEE_STD_DM.dtproj", "{69A3444E-F4D4-4EFF-BC1B-8C173E5ED5D4}"
EndProject
Project("{159641D6-6404-4A2A-AE62-294DE0FE8301}") = "REV_M11_3_ACT_FEE_STD_ESSBASE", "REV_M11_3_ACT_FEE_STD_ESSBASE\REV_M11_3_ACT_FEE_STD_ESSBASE.dtproj", "{CBC37A76-96ED-4300-BE89-DA22E4AD167F}"
EndProject
Project("{159641D6-6404-4A2A-AE62-294DE0FE8301}") = "REV_M11_4_ACT_FEE_STD_LEV_2_3", "REV_M11_4_ACT_FEE_STD_LEV_2_3\REV_M11_4_ACT_FEE_STD_LEV_2_3.dtproj", "{E2052A55-0795-481A-85E4-CABD582F250F}"
EndProject
Project("{159641D6-6404-4A2A-AE62-294DE0FE8301}") = "REV_M12_1_ACT_FEE_PRS_SA", "REV_M12_1_ACT_FEE_PRS_SA\REV_M12_1_ACT_FEE_PRS_SA.dtproj", "{E3E5BCEC-8CD6-4282-BDB8-851DDB76901B}"
EndProject
Project("{159641D6-6404-4A2A-AE62-294DE0FE8301}") = "REV_M12_2_ACT_FEE_PRS_DM", "REV_M12_2_ACT_FEE_PRS_DM\REV_M12_2_ACT_FEE_PRS_DM.dtproj", "{FFF849CE-EEA0-4287-88B1-071C380F5A38}"
EndProject
Project("{159641D6-6404-4A2A-AE62-294DE0FE8301}") = "REV_M12_3_ACT_FEE_PRS_ESSBASE", "REV_M12_3_ACT_FEE_PRS_ESSBASE\REV_M12_3_ACT_FEE_PRS_ESSBASE.dtproj", "{C37FA874-B767-4172-9D98-3DF81F091403}"
EndProject
Project("{159641D6-6404-4A2A-AE62-294DE0FE8301}") = "REV_M12_4_ACT_FEE_PRS_LEV_2_3", "REV_M12_4_ACT_FEE_PRS_LEV_2_3\REV_M12_4_ACT_FEE_PRS_LEV_2_3.dtproj", "{465BA5CB-37A0-429F-8AE0-7686417414DF}"
EndProject
Project("{159641D6-6404-4A2A-AE62-294DE0FE8301}") = "REV_M13_1_ACT_FEE_NN_STD_SA", "REV_M13_1_ACT_FEE_NN_STD_SA\REV_M13_1_ACT_FEE_NN_STD_SA.dtproj", "{D40FDDEE-859B-4F14-94DB-6312D97DEE6E}"
EndProject
Project("{159641D6-6404-4A2A-AE62-294DE0FE8301}") = "REV_M13_2_ACT_FEE_NN_STD_DM", "REV_M13_2_ACT_FEE_NN_STD_DM\REV_M13_2_ACT_FEE_NN_STD_DM.dtproj", "{4D24D3EA-BDEB-494C-8F76-A8A3096072F4}"
EndProject
Project("{159641D6-6404-4A2A-AE62-294DE0FE8301}") = "REV_M13_3_ACT_FEE_NN_STD_ESSBASE", "REV_M13_3_ACT_FEE_NN_STD_ESSBASE\REV_M13_3_ACT_FEE_NN_STD_ESSBASE.dtproj", "{DE59D3C2-F0AB-485F-BB7E-8EDE58E76A3F}"
EndProject
Project("{159641D6-6404-4A2A-AE62-294DE0FE8301}") = "REV_M13_4_ACT_FEE_NN_STD_LEV_2_3", "REV_M13_4_ACT_FEE_NN_STD_LEV_2_3\REV_M13_4_ACT_FEE_NN_STD_LEV_2_3.dtproj", "{49DC659C-FD71-451F-BCE1-62C80C8A313C}"
EndProject
Project("{159641D6-6404-4A2A-AE62-294DE0FE8301}") = "REV_M05_1_TCK_SA", "REV_M05_1_TCK_SA\REV_M05_1_TCK_SA.dtproj", "{7BEC8917-9A90-40FD-9405-43866285C088}"
EndProject
Project("{159641D6-6404-4A2A-AE62-294DE0FE8301}") = "REV_M05_2_TCK_DM", "REV_M05_2_TCK_DM\REV_M05_2_TCK_DM.dtproj", "{4C87229C-7B5B-4AE0-A00F-E7876A081ECE}"
EndProject
Project("{159641D6-6404-4A2A-AE62-294DE0FE8301}") = "REV_M05_3_TCK_ESSBASE", "REV_M05_3_TCK_ESSBASE\REV_M05_3_TCK_ESSBASE.dtproj", "{3D52D374-1D4D-464E-8935-0CC0F7E17B7C}"
EndProject
Project("{159641D6-6404-4A2A-AE62-294DE0FE8301}") = "REV_M05_4_LEV_2_3", "REV_M05_4_LEV_2_3\REV_M05_4_LEV_2_3.dtproj", "{D3ECF281-379A-4C17-B7B4-8451B5DA7BBA}"
EndProject
Project("{159641D6-6404-4A2A-AE62-294DE0FE8301}") = "REV_M06_1_VOUCH_CDG_SA", "REV_M06_1_VOUCH_CDG_SA\REV_M06_1_VOUCH_CDG_SA.dtproj", "{A4AEB1A9-9643-4AAD-BFFB-AD968436B875}"
EndProject
Project("{159641D6-6404-4A2A-AE62-294DE0FE8301}") = "REV_M06_2_VOUCH_CDG_EXPORT", "REV_M06_2_VOUCH_CDG_EXPORT\REV_M06_2_VOUCH_CDG_EXPORT.dtproj", "{A8179116-AEAF-48C9-89CA-EB88F3D4CD8B}"
EndProject
Project("{159641D6-6404-4A2A-AE62-294DE0FE8301}") = "REV_M06_4_VOUCH_CDG_LEV_2_3", "REV_M06_4_VOUCH_CDG_LEV_2_3\REV_M06_4_VOUCH_CDG_LEV_2_3.dtproj", "{306304BE-EBB6-4C10-8869-A484A22B80F7}"
EndProject
Project("{159641D6-6404-4A2A-AE62-294DE0FE8301}") = "REV_M14_1_FLUSSI_EXT_SA", "REV_M14_1_FLUSSI_EXT_SA\REV_M14_1_FLUSSI_EXT_SA.dtproj", "{2DE6F598-3BFA-46B8-A963-A35B5548D9B5}"
EndProject
Project("{159641D6-6404-4A2A-AE62-294DE0FE8301}") = "REV_M15_3_REVOP_ESSBASE", "REV_M15_3_REVOP_ESSBASE\REV_M15_3_REVOP_ESSBASE.dtproj", "{97DED0D4-EE49-4418-88A6-7AD269AFDEA5}"
EndProject
Project("{159641D6-6404-4A2A-AE62-294DE0FE8301}") = "REV_M15_4_REVOP_LEV_2_3", "REV_M15_4_REVOP_LEV_2_3\REV_M15_4_REVOP_LEV_2_3.dtproj", "{15311057-B738-4D5E-BF7E-2D2EA6C2AB48}"
EndProject
Project("{159641D6-6404-4A2A-AE62-294DE0FE8301}") = "REV_M07_1_OPTIONS_SA", "REV_M07_1_OPTIONS_SA\REV_M07_1_OPTIONS_SA.dtproj", "{A0880C50-998F-4439-AB34-EBA2F1362877}"
EndProject
Project("{159641D6-6404-4A2A-AE62-294DE0FE8301}") = "REV_M07_2_OPTIONS_DM", "REV_M07_2_OPTIONS_DM\REV_M07_2_OPTIONS_DM.dtproj", "{B2F4D9D8-5714-49D3-8311-CA497D0804D5}"
EndProject
Project("{159641D6-6404-4A2A-AE62-294DE0FE8301}") = "REV_M07_4_OPTIONS_LEV_2_3", "REV_M07_4_OPTIONS_LEV_2_3\REV_M07_4_OPTIONS_LEV_2_3.dtproj", "{5BA531E0-653F-47CC-B03D-41DF045F225A}"
EndProject
Project("{159641D6-6404-4A2A-AE62-294DE0FE8301}") = "REV_M16_1_MIN_RIC_NB_SA", "REV_M16_1_MIN_RIC_NB_SA\REV_M16_1_MIN_RIC_NB_SA.dtproj", "{8D701DDA-D72C-4D62-9E25-621D1366972B}"
EndProject
Project("{159641D6-6404-4A2A-AE62-294DE0FE8301}") = "REV_M16_2_MIN_RIC_NB_DM", "REV_M16_2_MIN_RIC_NB_DM\REV_M16_2_MIN_RIC_NB_DM.dtproj", "{BC301B76-2EC7-4A0D-ADB3-0A9052F0012A}"
EndProject
Project("{159641D6-6404-4A2A-AE62-294DE0FE8301}") = "REV_M16_4_MIN_RIC_NB_LEV_2_3", "REV_M16_4_MIN_RIC_NB_LEV_2_3\REV_M16_4_MIN_RIC_NB_LEV_2_3.dtproj", "{E8CA7C74-677F-4814-8AF7-89445B6E9C46}"
EndProject
Project("{159641D6-6404-4A2A-AE62-294DE0FE8301}") = "REV_M16_3_MIN_RIC_NB_ESSBASE", "REV_M16_3_MIN_RIC_NB_ESSBASE\REV_M16_3_MIN_RIC_NB_ESSBASE.dtproj", "{D6BF850C-FD29-446F-8DC3-EA79330DFBC2}"
EndProject
Project("{159641D6-6404-4A2A-AE62-294DE0FE8301}") = "REV_M17_1_MIN_RIC_TB_SA", "REV_M17_1_MIN_RIC_TB_SA\REV_M17_1_MIN_RIC_TB_SA.dtproj", "{BC0FA6C2-8229-44DC-80E3-452EE0BB8B84}"
EndProject
Project("{159641D6-6404-4A2A-AE62-294DE0FE8301}") = "REV_M17_2_MIN_RIC_TB_DM", "REV_M17_2_MIN_RIC_TB_DM\REV_M17_2_MIN_RIC_TB_DM.dtproj", "{EB7795F6-410C-46A9-8B82-DB3618274CF0}"
EndProject
Project("{159641D6-6404-4A2A-AE62-294DE0FE8301}") = "REV_M17_3_MIN_RIC_TB_ESSBASE", "REV_M17_3_MIN_RIC_TB_ESSBASE\REV_M17_3_MIN_RIC_TB_ESSBASE.dtproj", "{626BF0C0-3373-4B8D-BE81-E2602343E557}"
EndProject
Project("{159641D6-6404-4A2A-AE62-294DE0FE8301}") = "REV_M17_4_MIN_RIC_TB_LEV_2_3", "REV_M17_4_MIN_RIC_TB_LEV_2_3\REV_M17_4_MIN_RIC_TB_LEV_2_3.dtproj", "{0059BCBE-163D-41D6-9C8C-D73D1CB46348}"
EndProject
Project("{159641D6-6404-4A2A-AE62-294DE0FE8301}") = "REV_M18_1_HDQ_SA", "REV_M18_1_HDQ_SA\REV_M18_1_HDQ_SA.dtproj", "{C209BC34-30D1-4965-8BF7-AACC9A27CF21}"
EndProject
Project("{159641D6-6404-4A2A-AE62-294DE0FE8301}") = "REV_M18_2_HDQ_DM", "REV_M18_2_HDQ_DM\REV_M18_2_HDQ_DM.dtproj", "{8EA7232D-7B05-470B-9674-CAC2D5E5B7BA}"
EndProject
Project("{159641D6-6404-4A2A-AE62-294DE0FE8301}") = "REV_M18_4_HDQ_LEV_2_3", "REV_M18_4_HDQ_LEV_2_3\REV_M18_4_HDQ_LEV_2_3.dtproj", "{D64B9E5E-3586-481A-AA26-867733118E98}"
EndProject
Project("{159641D6-6404-4A2A-AE62-294DE0FE8301}") = "REV_M18_3_HDQ_ESSBASE", "REV_M18_3_HDQ_ESSBASE\REV_M18_3_HDQ_ESSBASE.dtproj", "{6B502BDD-4555-4696-944F-91B74CA7978E}"
EndProject
Project("{159641D6-6404-4A2A-AE62-294DE0FE8301}") = "REV_M19_1_NETFLIX_SA", "REV_M19_1_NETFLIX_SA\REV_M19_1_NETFLIX_SA.dtproj", "{2A9415E1-4C5E-417E-A250-360D5F29D156}"
EndProject
Project("{159641D6-6404-4A2A-AE62-294DE0FE8301}") = "REV_M19_3_NETFLIX_LEV_2_3", "REV_M19_3_NETFLIX_LEV_2_3\REV_M19_3_NETFLIX_LEV_2_3.dtproj", "{FFF53B7C-E0BC-4690-93E2-70B814BEBD44}"
EndProject
Project("{159641D6-6404-4A2A-AE62-294DE0FE8301}") = "REV_M19_2_NETFLIX_DM", "REV_M19_2_NETFLIX_DM\REV_M19_2_NETFLIX_DM.dtproj", "{42A77A5F-A2F0-4152-A62B-DA8F7C878043}"
EndProject
Project("{159641D6-6404-4A2A-AE62-294DE0FE8301}") = "REV_M14_4_FLUSSI_EXT_LEV_2_3", "REV_M14_4_FLUSSI_EXT_LEV_2_3\REV_M14_4_FLUSSI_EXT_LEV_2_3.dtproj", "{F35BFDF6-93AC-4E04-A82F-5CE84D5DA72C}"
EndProject
Project("{159641D6-6404-4A2A-AE62-294DE0FE8301}") = "REV_M12bis_1_ACT_FEE_PRS_PARCO_SA", "REV_M12bis_1_ACT_FEE_PRS_PARCO_SA\REV_M12bis_1_ACT_FEE_PRS_PARCO_SA.dtproj", "{67DF1BB7-BDA0-468F-B074-C0C0A1287621}"
EndProject
Project("{159641D6-6404-4A2A-AE62-294DE0FE8301}") = "REV_M12bis_3_ACT_FEE_PRS_PARCO_LEV_2_3", "REV_M12bis_3_ACT_FEE_PRS_PARCO_LEV_2_3\REV_M12bis_3_ACT_FEE_PRS_PARCO_LEV_2_3.dtproj", "{61783A30-D469-4733-9557-109C7106E537}"
EndProject
Project("{159641D6-6404-4A2A-AE62-294DE0FE8301}") = "REV_M12bis_2_ACT_FEE_PRS_PARCO_DM", "REV_M12bis_2_ACT_FEE_PRS_PARCO_DM\REV_M12bis_2_ACT_FEE_PRS_PARCO_DM.dtproj", "{9D62936F-13FF-4D6E-B30D-612D7889D792}"
EndProject
Project("{159641D6-6404-4A2A-AE62-294DE0FE8301}") = "REV_M20_1_RETENTION_SA", "REV_M20_1_RETENTION_SA\REV_M20_1_RETENTION_SA.dtproj", "{254050A7-0A0C-4442-ACF7-C44E25A0DAAB}"
EndProject
Global
	GlobalSection(SolutionConfigurationPlatforms) = preSolution
		Debug|Any CPU = Debug|Any CPU
		Development|Any CPU = Development|Any CPU
		Release|Any CPU = Release|Any CPU
	EndGlobalSection
	GlobalSection(ProjectConfigurationPlatforms) = postSolution
		{14E15138-F8AB-4655-9293-76AADA3A1BF0}.Debug|Any CPU.ActiveCfg = Development
		{14E15138-F8AB-4655-9293-76AADA3A1BF0}.Debug|Any CPU.Build.0 = Development
		{14E15138-F8AB-4655-9293-76AADA3A1BF0}.Development|Any CPU.ActiveCfg = Development
		{14E15138-F8AB-4655-9293-76AADA3A1BF0}.Development|Any CPU.Build.0 = Development
		{14E15138-F8AB-4655-9293-76AADA3A1BF0}.Release|Any CPU.ActiveCfg = Development
		{14E15138-F8AB-4655-9293-76AADA3A1BF0}.Release|Any CPU.Build.0 = Development
		{16EA6484-F4BA-4529-875B-336ED3AF4338}.Debug|Any CPU.ActiveCfg = Development
		{16EA6484-F4BA-4529-875B-336ED3AF4338}.Debug|Any CPU.Build.0 = Development
		{16EA6484-F4BA-4529-875B-336ED3AF4338}.Development|Any CPU.ActiveCfg = Development
		{16EA6484-F4BA-4529-875B-336ED3AF4338}.Development|Any CPU.Build.0 = Development
		{16EA6484-F4BA-4529-875B-336ED3AF4338}.Release|Any CPU.ActiveCfg = Development
		{16EA6484-F4BA-4529-875B-336ED3AF4338}.Release|Any CPU.Build.0 = Development
		{4CB09FD2-4C74-4E24-A77E-8D4F974AA3D1}.Debug|Any CPU.ActiveCfg = Development
		{4CB09FD2-4C74-4E24-A77E-8D4F974AA3D1}.Debug|Any CPU.Build.0 = Development
		{4CB09FD2-4C74-4E24-A77E-8D4F974AA3D1}.Development|Any CPU.ActiveCfg = Development
		{4CB09FD2-4C74-4E24-A77E-8D4F974AA3D1}.Development|Any CPU.Build.0 = Development
		{4CB09FD2-4C74-4E24-A77E-8D4F974AA3D1}.Release|Any CPU.ActiveCfg = Development
		{4CB09FD2-4C74-4E24-A77E-8D4F974AA3D1}.Release|Any CPU.Build.0 = Development
		{C2429F83-7A2C-4D7F-B96C-DE4D5AA2CA02}.Debug|Any CPU.ActiveCfg = Development
		{C2429F83-7A2C-4D7F-B96C-DE4D5AA2CA02}.Debug|Any CPU.Build.0 = Development
		{C2429F83-7A2C-4D7F-B96C-DE4D5AA2CA02}.Development|Any CPU.ActiveCfg = Development
		{C2429F83-7A2C-4D7F-B96C-DE4D5AA2CA02}.Development|Any CPU.Build.0 = Development
		{C2429F83-7A2C-4D7F-B96C-DE4D5AA2CA02}.Release|Any CPU.ActiveCfg = Development
		{C2429F83-7A2C-4D7F-B96C-DE4D5AA2CA02}.Release|Any CPU.Build.0 = Development
		{BE08CB7F-1633-4B54-B5C3-776FD45B831E}.Debug|Any CPU.ActiveCfg = Development
		{BE08CB7F-1633-4B54-B5C3-776FD45B831E}.Debug|Any CPU.Build.0 = Development
		{BE08CB7F-1633-4B54-B5C3-776FD45B831E}.Development|Any CPU.ActiveCfg = Development
		{BE08CB7F-1633-4B54-B5C3-776FD45B831E}.Development|Any CPU.Build.0 = Development
		{BE08CB7F-1633-4B54-B5C3-776FD45B831E}.Release|Any CPU.ActiveCfg = Development
		{BE08CB7F-1633-4B54-B5C3-776FD45B831E}.Release|Any CPU.Build.0 = Development
		{17A1C10D-E47D-424D-BDDD-EC8347BB0492}.Debug|Any CPU.ActiveCfg = Development
		{17A1C10D-E47D-424D-BDDD-EC8347BB0492}.Debug|Any CPU.Build.0 = Development
		{17A1C10D-E47D-424D-BDDD-EC8347BB0492}.Development|Any CPU.ActiveCfg = Development
		{17A1C10D-E47D-424D-BDDD-EC8347BB0492}.Development|Any CPU.Build.0 = Development
		{17A1C10D-E47D-424D-BDDD-EC8347BB0492}.Release|Any CPU.ActiveCfg = Development
		{17A1C10D-E47D-424D-BDDD-EC8347BB0492}.Release|Any CPU.Build.0 = Development
		{D74692B5-9AE6-4C08-AC7A-04753DC1C187}.Debug|Any CPU.ActiveCfg = Development
		{D74692B5-9AE6-4C08-AC7A-04753DC1C187}.Debug|Any CPU.Build.0 = Development
		{D74692B5-9AE6-4C08-AC7A-04753DC1C187}.Development|Any CPU.ActiveCfg = Development
		{D74692B5-9AE6-4C08-AC7A-04753DC1C187}.Development|Any CPU.Build.0 = Development
		{D74692B5-9AE6-4C08-AC7A-04753DC1C187}.Release|Any CPU.ActiveCfg = Development
		{D74692B5-9AE6-4C08-AC7A-04753DC1C187}.Release|Any CPU.Build.0 = Development
		{8F188331-2DAD-4ADE-8DFA-EAEDEFC245FC}.Debug|Any CPU.ActiveCfg = Development
		{8F188331-2DAD-4ADE-8DFA-EAEDEFC245FC}.Debug|Any CPU.Build.0 = Development
		{8F188331-2DAD-4ADE-8DFA-EAEDEFC245FC}.Development|Any CPU.ActiveCfg = Development
		{8F188331-2DAD-4ADE-8DFA-EAEDEFC245FC}.Development|Any CPU.Build.0 = Development
		{8F188331-2DAD-4ADE-8DFA-EAEDEFC245FC}.Release|Any CPU.ActiveCfg = Development
		{8F188331-2DAD-4ADE-8DFA-EAEDEFC245FC}.Release|Any CPU.Build.0 = Development
		{F923148C-9BD2-44E8-AE4C-B68BA2BC540B}.Debug|Any CPU.ActiveCfg = Development
		{F923148C-9BD2-44E8-AE4C-B68BA2BC540B}.Debug|Any CPU.Build.0 = Development
		{F923148C-9BD2-44E8-AE4C-B68BA2BC540B}.Development|Any CPU.ActiveCfg = Development
		{F923148C-9BD2-44E8-AE4C-B68BA2BC540B}.Development|Any CPU.Build.0 = Development
		{F923148C-9BD2-44E8-AE4C-B68BA2BC540B}.Release|Any CPU.ActiveCfg = Development
		{F923148C-9BD2-44E8-AE4C-B68BA2BC540B}.Release|Any CPU.Build.0 = Development
		{C3C757BD-4758-4C8A-A4B6-5CEC3108D27E}.Debug|Any CPU.ActiveCfg = Development
		{C3C757BD-4758-4C8A-A4B6-5CEC3108D27E}.Debug|Any CPU.Build.0 = Development
		{C3C757BD-4758-4C8A-A4B6-5CEC3108D27E}.Development|Any CPU.ActiveCfg = Development
		{C3C757BD-4758-4C8A-A4B6-5CEC3108D27E}.Development|Any CPU.Build.0 = Development
		{C3C757BD-4758-4C8A-A4B6-5CEC3108D27E}.Release|Any CPU.ActiveCfg = Development
		{C3C757BD-4758-4C8A-A4B6-5CEC3108D27E}.Release|Any CPU.Build.0 = Development
		{BB21DE2F-74AF-4522-953A-4B6421F8CCE1}.Debug|Any CPU.ActiveCfg = Development
		{BB21DE2F-74AF-4522-953A-4B6421F8CCE1}.Debug|Any CPU.Build.0 = Development
		{BB21DE2F-74AF-4522-953A-4B6421F8CCE1}.Development|Any CPU.ActiveCfg = Development
		{BB21DE2F-74AF-4522-953A-4B6421F8CCE1}.Development|Any CPU.Build.0 = Development
		{BB21DE2F-74AF-4522-953A-4B6421F8CCE1}.Release|Any CPU.ActiveCfg = Development
		{BB21DE2F-74AF-4522-953A-4B6421F8CCE1}.Release|Any CPU.Build.0 = Development
		{F1FBFD3A-373E-4BE3-9466-A6535B378BA6}.Debug|Any CPU.ActiveCfg = Development
		{F1FBFD3A-373E-4BE3-9466-A6535B378BA6}.Debug|Any CPU.Build.0 = Development
		{F1FBFD3A-373E-4BE3-9466-A6535B378BA6}.Development|Any CPU.ActiveCfg = Development
		{F1FBFD3A-373E-4BE3-9466-A6535B378BA6}.Development|Any CPU.Build.0 = Development
		{F1FBFD3A-373E-4BE3-9466-A6535B378BA6}.Release|Any CPU.ActiveCfg = Development
		{F1FBFD3A-373E-4BE3-9466-A6535B378BA6}.Release|Any CPU.Build.0 = Development
		{EFC05A60-E0B7-485C-B4CF-D594C810BD3B}.Debug|Any CPU.ActiveCfg = Development
		{EFC05A60-E0B7-485C-B4CF-D594C810BD3B}.Debug|Any CPU.Build.0 = Development
		{EFC05A60-E0B7-485C-B4CF-D594C810BD3B}.Development|Any CPU.ActiveCfg = Development
		{EFC05A60-E0B7-485C-B4CF-D594C810BD3B}.Development|Any CPU.Build.0 = Development
		{EFC05A60-E0B7-485C-B4CF-D594C810BD3B}.Release|Any CPU.ActiveCfg = Development
		{EFC05A60-E0B7-485C-B4CF-D594C810BD3B}.Release|Any CPU.Build.0 = Development
		{271C75DA-CD94-42B1-BB03-A8A237FF9BDD}.Debug|Any CPU.ActiveCfg = Development
		{271C75DA-CD94-42B1-BB03-A8A237FF9BDD}.Debug|Any CPU.Build.0 = Development
		{271C75DA-CD94-42B1-BB03-A8A237FF9BDD}.Development|Any CPU.ActiveCfg = Development
		{271C75DA-CD94-42B1-BB03-A8A237FF9BDD}.Development|Any CPU.Build.0 = Development
		{271C75DA-CD94-42B1-BB03-A8A237FF9BDD}.Release|Any CPU.ActiveCfg = Development
		{271C75DA-CD94-42B1-BB03-A8A237FF9BDD}.Release|Any CPU.Build.0 = Development
		{2FBCF4F3-C541-4826-A54F-AD7751A59105}.Debug|Any CPU.ActiveCfg = Development
		{2FBCF4F3-C541-4826-A54F-AD7751A59105}.Debug|Any CPU.Build.0 = Development
		{2FBCF4F3-C541-4826-A54F-AD7751A59105}.Development|Any CPU.ActiveCfg = Development
		{2FBCF4F3-C541-4826-A54F-AD7751A59105}.Development|Any CPU.Build.0 = Development
		{2FBCF4F3-C541-4826-A54F-AD7751A59105}.Release|Any CPU.ActiveCfg = Development
		{2FBCF4F3-C541-4826-A54F-AD7751A59105}.Release|Any CPU.Build.0 = Development
		{F8EDCE8B-29C8-438C-BA87-2FE3255EDA71}.Debug|Any CPU.ActiveCfg = Development
		{F8EDCE8B-29C8-438C-BA87-2FE3255EDA71}.Debug|Any CPU.Build.0 = Development
		{F8EDCE8B-29C8-438C-BA87-2FE3255EDA71}.Development|Any CPU.ActiveCfg = Development
		{F8EDCE8B-29C8-438C-BA87-2FE3255EDA71}.Development|Any CPU.Build.0 = Development
		{F8EDCE8B-29C8-438C-BA87-2FE3255EDA71}.Release|Any CPU.ActiveCfg = Development
		{F8EDCE8B-29C8-438C-BA87-2FE3255EDA71}.Release|Any CPU.Build.0 = Development
		{73389E4A-415E-4B48-9791-9864E273335F}.Debug|Any CPU.ActiveCfg = Development
		{73389E4A-415E-4B48-9791-9864E273335F}.Debug|Any CPU.Build.0 = Development
		{73389E4A-415E-4B48-9791-9864E273335F}.Development|Any CPU.ActiveCfg = Development
		{73389E4A-415E-4B48-9791-9864E273335F}.Development|Any CPU.Build.0 = Development
		{73389E4A-415E-4B48-9791-9864E273335F}.Release|Any CPU.ActiveCfg = Development
		{73389E4A-415E-4B48-9791-9864E273335F}.Release|Any CPU.Build.0 = Development
		{A6559A55-DA9F-43F4-AEDB-7EB77991D204}.Debug|Any CPU.ActiveCfg = Development
		{A6559A55-DA9F-43F4-AEDB-7EB77991D204}.Debug|Any CPU.Build.0 = Development
		{A6559A55-DA9F-43F4-AEDB-7EB77991D204}.Development|Any CPU.ActiveCfg = Development
		{A6559A55-DA9F-43F4-AEDB-7EB77991D204}.Development|Any CPU.Build.0 = Development
		{A6559A55-DA9F-43F4-AEDB-7EB77991D204}.Release|Any CPU.ActiveCfg = Development
		{A6559A55-DA9F-43F4-AEDB-7EB77991D204}.Release|Any CPU.Build.0 = Development
		{FED2B699-9DF8-4B30-81AD-13D9035133E1}.Debug|Any CPU.ActiveCfg = Development
		{FED2B699-9DF8-4B30-81AD-13D9035133E1}.Debug|Any CPU.Build.0 = Development
		{FED2B699-9DF8-4B30-81AD-13D9035133E1}.Development|Any CPU.ActiveCfg = Development
		{FED2B699-9DF8-4B30-81AD-13D9035133E1}.Development|Any CPU.Build.0 = Development
		{FED2B699-9DF8-4B30-81AD-13D9035133E1}.Release|Any CPU.ActiveCfg = Development
		{FED2B699-9DF8-4B30-81AD-13D9035133E1}.Release|Any CPU.Build.0 = Development
		{CB819040-B5C3-4AC5-A088-E44C45B9ACD2}.Debug|Any CPU.ActiveCfg = Development
		{CB819040-B5C3-4AC5-A088-E44C45B9ACD2}.Debug|Any CPU.Build.0 = Development
		{CB819040-B5C3-4AC5-A088-E44C45B9ACD2}.Development|Any CPU.ActiveCfg = Development
		{CB819040-B5C3-4AC5-A088-E44C45B9ACD2}.Development|Any CPU.Build.0 = Development
		{CB819040-B5C3-4AC5-A088-E44C45B9ACD2}.Release|Any CPU.ActiveCfg = Development
		{CB819040-B5C3-4AC5-A088-E44C45B9ACD2}.Release|Any CPU.Build.0 = Development
		{F4A7445B-F6C9-4AD1-93AB-0EB27B35D94A}.Debug|Any CPU.ActiveCfg = Development
		{F4A7445B-F6C9-4AD1-93AB-0EB27B35D94A}.Debug|Any CPU.Build.0 = Development
		{F4A7445B-F6C9-4AD1-93AB-0EB27B35D94A}.Development|Any CPU.ActiveCfg = Development
		{F4A7445B-F6C9-4AD1-93AB-0EB27B35D94A}.Development|Any CPU.Build.0 = Development
		{F4A7445B-F6C9-4AD1-93AB-0EB27B35D94A}.Release|Any CPU.ActiveCfg = Development
		{F4A7445B-F6C9-4AD1-93AB-0EB27B35D94A}.Release|Any CPU.Build.0 = Development
		{B4B4087C-F6CF-4005-80E6-55F91C5E1885}.Debug|Any CPU.ActiveCfg = Development
		{B4B4087C-F6CF-4005-80E6-55F91C5E1885}.Debug|Any CPU.Build.0 = Development
		{B4B4087C-F6CF-4005-80E6-55F91C5E1885}.Development|Any CPU.ActiveCfg = Development
		{B4B4087C-F6CF-4005-80E6-55F91C5E1885}.Development|Any CPU.Build.0 = Development
		{B4B4087C-F6CF-4005-80E6-55F91C5E1885}.Release|Any CPU.ActiveCfg = Development
		{B4B4087C-F6CF-4005-80E6-55F91C5E1885}.Release|Any CPU.Build.0 = Development
		{ABFBEA3A-09EB-4319-BB4A-2AA17CC41A31}.Debug|Any CPU.ActiveCfg = Development
		{ABFBEA3A-09EB-4319-BB4A-2AA17CC41A31}.Debug|Any CPU.Build.0 = Development
		{ABFBEA3A-09EB-4319-BB4A-2AA17CC41A31}.Development|Any CPU.ActiveCfg = Development
		{ABFBEA3A-09EB-4319-BB4A-2AA17CC41A31}.Development|Any CPU.Build.0 = Development
		{ABFBEA3A-09EB-4319-BB4A-2AA17CC41A31}.Release|Any CPU.ActiveCfg = Development
		{ABFBEA3A-09EB-4319-BB4A-2AA17CC41A31}.Release|Any CPU.Build.0 = Development
		{ED584069-A58C-42EC-980B-6B3F4177679B}.Debug|Any CPU.ActiveCfg = Development
		{ED584069-A58C-42EC-980B-6B3F4177679B}.Debug|Any CPU.Build.0 = Development
		{ED584069-A58C-42EC-980B-6B3F4177679B}.Development|Any CPU.ActiveCfg = Development
		{ED584069-A58C-42EC-980B-6B3F4177679B}.Development|Any CPU.Build.0 = Development
		{ED584069-A58C-42EC-980B-6B3F4177679B}.Release|Any CPU.ActiveCfg = Development
		{ED584069-A58C-42EC-980B-6B3F4177679B}.Release|Any CPU.Build.0 = Development
		{453EB560-1471-4784-889B-4DFD7C0B50F0}.Debug|Any CPU.ActiveCfg = Development
		{453EB560-1471-4784-889B-4DFD7C0B50F0}.Debug|Any CPU.Build.0 = Development
		{453EB560-1471-4784-889B-4DFD7C0B50F0}.Development|Any CPU.ActiveCfg = Development
		{453EB560-1471-4784-889B-4DFD7C0B50F0}.Development|Any CPU.Build.0 = Development
		{453EB560-1471-4784-889B-4DFD7C0B50F0}.Release|Any CPU.ActiveCfg = Development
		{453EB560-1471-4784-889B-4DFD7C0B50F0}.Release|Any CPU.Build.0 = Development
		{8BD258FE-3FAD-4CB9-B01D-CBC4DBFF9534}.Debug|Any CPU.ActiveCfg = Development
		{8BD258FE-3FAD-4CB9-B01D-CBC4DBFF9534}.Debug|Any CPU.Build.0 = Development
		{8BD258FE-3FAD-4CB9-B01D-CBC4DBFF9534}.Development|Any CPU.ActiveCfg = Development
		{8BD258FE-3FAD-4CB9-B01D-CBC4DBFF9534}.Development|Any CPU.Build.0 = Development
		{8BD258FE-3FAD-4CB9-B01D-CBC4DBFF9534}.Release|Any CPU.ActiveCfg = Development
		{8BD258FE-3FAD-4CB9-B01D-CBC4DBFF9534}.Release|Any CPU.Build.0 = Development
		{FC820BEF-4F22-49FC-B65C-D4EAC3A89E23}.Debug|Any CPU.ActiveCfg = Development
		{FC820BEF-4F22-49FC-B65C-D4EAC3A89E23}.Debug|Any CPU.Build.0 = Development
		{FC820BEF-4F22-49FC-B65C-D4EAC3A89E23}.Development|Any CPU.ActiveCfg = Development
		{FC820BEF-4F22-49FC-B65C-D4EAC3A89E23}.Development|Any CPU.Build.0 = Development
		{FC820BEF-4F22-49FC-B65C-D4EAC3A89E23}.Release|Any CPU.ActiveCfg = Development
		{FC820BEF-4F22-49FC-B65C-D4EAC3A89E23}.Release|Any CPU.Build.0 = Development
		{185BB55E-618E-4F6A-93B5-E400C3B7DA33}.Debug|Any CPU.ActiveCfg = Development
		{185BB55E-618E-4F6A-93B5-E400C3B7DA33}.Debug|Any CPU.Build.0 = Development
		{185BB55E-618E-4F6A-93B5-E400C3B7DA33}.Development|Any CPU.ActiveCfg = Development
		{185BB55E-618E-4F6A-93B5-E400C3B7DA33}.Development|Any CPU.Build.0 = Development
		{185BB55E-618E-4F6A-93B5-E400C3B7DA33}.Release|Any CPU.ActiveCfg = Development
		{185BB55E-618E-4F6A-93B5-E400C3B7DA33}.Release|Any CPU.Build.0 = Development
		{6A39CB54-5E15-48B1-9F64-C615784132A1}.Debug|Any CPU.ActiveCfg = Development
		{6A39CB54-5E15-48B1-9F64-C615784132A1}.Debug|Any CPU.Build.0 = Development
		{6A39CB54-5E15-48B1-9F64-C615784132A1}.Development|Any CPU.ActiveCfg = Development
		{6A39CB54-5E15-48B1-9F64-C615784132A1}.Development|Any CPU.Build.0 = Development
		{6A39CB54-5E15-48B1-9F64-C615784132A1}.Release|Any CPU.ActiveCfg = Development
		{6A39CB54-5E15-48B1-9F64-C615784132A1}.Release|Any CPU.Build.0 = Development
		{996145A5-DBF9-4C27-B35F-39F3281CFDD5}.Debug|Any CPU.ActiveCfg = Development
		{996145A5-DBF9-4C27-B35F-39F3281CFDD5}.Debug|Any CPU.Build.0 = Development
		{996145A5-DBF9-4C27-B35F-39F3281CFDD5}.Development|Any CPU.ActiveCfg = Development
		{996145A5-DBF9-4C27-B35F-39F3281CFDD5}.Development|Any CPU.Build.0 = Development
		{996145A5-DBF9-4C27-B35F-39F3281CFDD5}.Release|Any CPU.ActiveCfg = Development
		{996145A5-DBF9-4C27-B35F-39F3281CFDD5}.Release|Any CPU.Build.0 = Development
		{A74DF47E-B932-46F6-B80C-FF511323012F}.Debug|Any CPU.ActiveCfg = Development
		{A74DF47E-B932-46F6-B80C-FF511323012F}.Debug|Any CPU.Build.0 = Development
		{A74DF47E-B932-46F6-B80C-FF511323012F}.Development|Any CPU.ActiveCfg = Development
		{A74DF47E-B932-46F6-B80C-FF511323012F}.Development|Any CPU.Build.0 = Development
		{A74DF47E-B932-46F6-B80C-FF511323012F}.Release|Any CPU.ActiveCfg = Development
		{A74DF47E-B932-46F6-B80C-FF511323012F}.Release|Any CPU.Build.0 = Development
		{2E8965A7-DDB0-4A86-BF97-A92ADA9941CC}.Debug|Any CPU.ActiveCfg = Development
		{2E8965A7-DDB0-4A86-BF97-A92ADA9941CC}.Debug|Any CPU.Build.0 = Development
		{2E8965A7-DDB0-4A86-BF97-A92ADA9941CC}.Development|Any CPU.ActiveCfg = Development
		{2E8965A7-DDB0-4A86-BF97-A92ADA9941CC}.Development|Any CPU.Build.0 = Development
		{2E8965A7-DDB0-4A86-BF97-A92ADA9941CC}.Release|Any CPU.ActiveCfg = Development
		{2E8965A7-DDB0-4A86-BF97-A92ADA9941CC}.Release|Any CPU.Build.0 = Development
		{B747FCD4-20FE-4075-B28C-D78B946EC1B9}.Debug|Any CPU.ActiveCfg = Development
		{B747FCD4-20FE-4075-B28C-D78B946EC1B9}.Debug|Any CPU.Build.0 = Development
		{B747FCD4-20FE-4075-B28C-D78B946EC1B9}.Development|Any CPU.ActiveCfg = Development
		{B747FCD4-20FE-4075-B28C-D78B946EC1B9}.Development|Any CPU.Build.0 = Development
		{B747FCD4-20FE-4075-B28C-D78B946EC1B9}.Release|Any CPU.ActiveCfg = Development
		{B747FCD4-20FE-4075-B28C-D78B946EC1B9}.Release|Any CPU.Build.0 = Development
		{497600F7-875C-4C04-AA36-45CCE5756588}.Debug|Any CPU.ActiveCfg = Development
		{497600F7-875C-4C04-AA36-45CCE5756588}.Debug|Any CPU.Build.0 = Development
		{497600F7-875C-4C04-AA36-45CCE5756588}.Development|Any CPU.ActiveCfg = Development
		{497600F7-875C-4C04-AA36-45CCE5756588}.Development|Any CPU.Build.0 = Development
		{497600F7-875C-4C04-AA36-45CCE5756588}.Release|Any CPU.ActiveCfg = Development
		{497600F7-875C-4C04-AA36-45CCE5756588}.Release|Any CPU.Build.0 = Development
		{2848028D-C3AE-4898-84D5-701AABA6C295}.Debug|Any CPU.ActiveCfg = Development
		{2848028D-C3AE-4898-84D5-701AABA6C295}.Debug|Any CPU.Build.0 = Development
		{2848028D-C3AE-4898-84D5-701AABA6C295}.Development|Any CPU.ActiveCfg = Development
		{2848028D-C3AE-4898-84D5-701AABA6C295}.Development|Any CPU.Build.0 = Development
		{2848028D-C3AE-4898-84D5-701AABA6C295}.Release|Any CPU.ActiveCfg = Development
		{2848028D-C3AE-4898-84D5-701AABA6C295}.Release|Any CPU.Build.0 = Development
		{A293C687-A1BD-47F6-8241-9D319C77BB09}.Debug|Any CPU.ActiveCfg = Development
		{A293C687-A1BD-47F6-8241-9D319C77BB09}.Debug|Any CPU.Build.0 = Development
		{A293C687-A1BD-47F6-8241-9D319C77BB09}.Development|Any CPU.ActiveCfg = Development
		{A293C687-A1BD-47F6-8241-9D319C77BB09}.Development|Any CPU.Build.0 = Development
		{A293C687-A1BD-47F6-8241-9D319C77BB09}.Release|Any CPU.ActiveCfg = Development
		{A293C687-A1BD-47F6-8241-9D319C77BB09}.Release|Any CPU.Build.0 = Development
		{69A3444E-F4D4-4EFF-BC1B-8C173E5ED5D4}.Debug|Any CPU.ActiveCfg = Development
		{69A3444E-F4D4-4EFF-BC1B-8C173E5ED5D4}.Debug|Any CPU.Build.0 = Development
		{69A3444E-F4D4-4EFF-BC1B-8C173E5ED5D4}.Development|Any CPU.ActiveCfg = Development
		{69A3444E-F4D4-4EFF-BC1B-8C173E5ED5D4}.Development|Any CPU.Build.0 = Development
		{69A3444E-F4D4-4EFF-BC1B-8C173E5ED5D4}.Release|Any CPU.ActiveCfg = Development
		{69A3444E-F4D4-4EFF-BC1B-8C173E5ED5D4}.Release|Any CPU.Build.0 = Development
		{CBC37A76-96ED-4300-BE89-DA22E4AD167F}.Debug|Any CPU.ActiveCfg = Development
		{CBC37A76-96ED-4300-BE89-DA22E4AD167F}.Debug|Any CPU.Build.0 = Development
		{CBC37A76-96ED-4300-BE89-DA22E4AD167F}.Development|Any CPU.ActiveCfg = Development
		{CBC37A76-96ED-4300-BE89-DA22E4AD167F}.Development|Any CPU.Build.0 = Development
		{CBC37A76-96ED-4300-BE89-DA22E4AD167F}.Release|Any CPU.ActiveCfg = Development
		{CBC37A76-96ED-4300-BE89-DA22E4AD167F}.Release|Any CPU.Build.0 = Development
		{E2052A55-0795-481A-85E4-CABD582F250F}.Debug|Any CPU.ActiveCfg = Development
		{E2052A55-0795-481A-85E4-CABD582F250F}.Debug|Any CPU.Build.0 = Development
		{E2052A55-0795-481A-85E4-CABD582F250F}.Development|Any CPU.ActiveCfg = Development
		{E2052A55-0795-481A-85E4-CABD582F250F}.Development|Any CPU.Build.0 = Development
		{E2052A55-0795-481A-85E4-CABD582F250F}.Release|Any CPU.ActiveCfg = Development
		{E2052A55-0795-481A-85E4-CABD582F250F}.Release|Any CPU.Build.0 = Development
		{E3E5BCEC-8CD6-4282-BDB8-851DDB76901B}.Debug|Any CPU.ActiveCfg = Development
		{E3E5BCEC-8CD6-4282-BDB8-851DDB76901B}.Debug|Any CPU.Build.0 = Development
		{E3E5BCEC-8CD6-4282-BDB8-851DDB76901B}.Development|Any CPU.ActiveCfg = Development
		{E3E5BCEC-8CD6-4282-BDB8-851DDB76901B}.Development|Any CPU.Build.0 = Development
		{E3E5BCEC-8CD6-4282-BDB8-851DDB76901B}.Release|Any CPU.ActiveCfg = Development
		{E3E5BCEC-8CD6-4282-BDB8-851DDB76901B}.Release|Any CPU.Build.0 = Development
		{FFF849CE-EEA0-4287-88B1-071C380F5A38}.Debug|Any CPU.ActiveCfg = Development
		{FFF849CE-EEA0-4287-88B1-071C380F5A38}.Debug|Any CPU.Build.0 = Development
		{FFF849CE-EEA0-4287-88B1-071C380F5A38}.Development|Any CPU.ActiveCfg = Development
		{FFF849CE-EEA0-4287-88B1-071C380F5A38}.Development|Any CPU.Build.0 = Development
		{FFF849CE-EEA0-4287-88B1-071C380F5A38}.Release|Any CPU.ActiveCfg = Development
		{FFF849CE-EEA0-4287-88B1-071C380F5A38}.Release|Any CPU.Build.0 = Development
		{C37FA874-B767-4172-9D98-3DF81F091403}.Debug|Any CPU.ActiveCfg = Development
		{C37FA874-B767-4172-9D98-3DF81F091403}.Debug|Any CPU.Build.0 = Development
		{C37FA874-B767-4172-9D98-3DF81F091403}.Development|Any CPU.ActiveCfg = Development
		{C37FA874-B767-4172-9D98-3DF81F091403}.Development|Any CPU.Build.0 = Development
		{C37FA874-B767-4172-9D98-3DF81F091403}.Release|Any CPU.ActiveCfg = Development
		{C37FA874-B767-4172-9D98-3DF81F091403}.Release|Any CPU.Build.0 = Development
		{465BA5CB-37A0-429F-8AE0-7686417414DF}.Debug|Any CPU.ActiveCfg = Development
		{465BA5CB-37A0-429F-8AE0-7686417414DF}.Debug|Any CPU.Build.0 = Development
		{465BA5CB-37A0-429F-8AE0-7686417414DF}.Development|Any CPU.ActiveCfg = Development
		{465BA5CB-37A0-429F-8AE0-7686417414DF}.Development|Any CPU.Build.0 = Development
		{465BA5CB-37A0-429F-8AE0-7686417414DF}.Release|Any CPU.ActiveCfg = Development
		{465BA5CB-37A0-429F-8AE0-7686417414DF}.Release|Any CPU.Build.0 = Development
		{D40FDDEE-859B-4F14-94DB-6312D97DEE6E}.Debug|Any CPU.ActiveCfg = Development
		{D40FDDEE-859B-4F14-94DB-6312D97DEE6E}.Debug|Any CPU.Build.0 = Development
		{D40FDDEE-859B-4F14-94DB-6312D97DEE6E}.Development|Any CPU.ActiveCfg = Development
		{D40FDDEE-859B-4F14-94DB-6312D97DEE6E}.Development|Any CPU.Build.0 = Development
		{D40FDDEE-859B-4F14-94DB-6312D97DEE6E}.Release|Any CPU.ActiveCfg = Development
		{D40FDDEE-859B-4F14-94DB-6312D97DEE6E}.Release|Any CPU.Build.0 = Development
		{4D24D3EA-BDEB-494C-8F76-A8A3096072F4}.Debug|Any CPU.ActiveCfg = Development
		{4D24D3EA-BDEB-494C-8F76-A8A3096072F4}.Debug|Any CPU.Build.0 = Development
		{4D24D3EA-BDEB-494C-8F76-A8A3096072F4}.Development|Any CPU.ActiveCfg = Development
		{4D24D3EA-BDEB-494C-8F76-A8A3096072F4}.Development|Any CPU.Build.0 = Development
		{4D24D3EA-BDEB-494C-8F76-A8A3096072F4}.Release|Any CPU.ActiveCfg = Development
		{4D24D3EA-BDEB-494C-8F76-A8A3096072F4}.Release|Any CPU.Build.0 = Development
		{DE59D3C2-F0AB-485F-BB7E-8EDE58E76A3F}.Debug|Any CPU.ActiveCfg = Development
		{DE59D3C2-F0AB-485F-BB7E-8EDE58E76A3F}.Debug|Any CPU.Build.0 = Development
		{DE59D3C2-F0AB-485F-BB7E-8EDE58E76A3F}.Development|Any CPU.ActiveCfg = Development
		{DE59D3C2-F0AB-485F-BB7E-8EDE58E76A3F}.Development|Any CPU.Build.0 = Development
		{DE59D3C2-F0AB-485F-BB7E-8EDE58E76A3F}.Release|Any CPU.ActiveCfg = Development
		{DE59D3C2-F0AB-485F-BB7E-8EDE58E76A3F}.Release|Any CPU.Build.0 = Development
		{49DC659C-FD71-451F-BCE1-62C80C8A313C}.Debug|Any CPU.ActiveCfg = Development
		{49DC659C-FD71-451F-BCE1-62C80C8A313C}.Debug|Any CPU.Build.0 = Development
		{49DC659C-FD71-451F-BCE1-62C80C8A313C}.Development|Any CPU.ActiveCfg = Development
		{49DC659C-FD71-451F-BCE1-62C80C8A313C}.Development|Any CPU.Build.0 = Development
		{49DC659C-FD71-451F-BCE1-62C80C8A313C}.Release|Any CPU.ActiveCfg = Development
		{49DC659C-FD71-451F-BCE1-62C80C8A313C}.Release|Any CPU.Build.0 = Development
		{7BEC8917-9A90-40FD-9405-43866285C088}.Debug|Any CPU.ActiveCfg = Development
		{7BEC8917-9A90-40FD-9405-43866285C088}.Debug|Any CPU.Build.0 = Development
		{7BEC8917-9A90-40FD-9405-43866285C088}.Development|Any CPU.ActiveCfg = Development
		{7BEC8917-9A90-40FD-9405-43866285C088}.Development|Any CPU.Build.0 = Development
		{7BEC8917-9A90-40FD-9405-43866285C088}.Release|Any CPU.ActiveCfg = Development
		{7BEC8917-9A90-40FD-9405-43866285C088}.Release|Any CPU.Build.0 = Development
		{4C87229C-7B5B-4AE0-A00F-E7876A081ECE}.Debug|Any CPU.ActiveCfg = Development
		{4C87229C-7B5B-4AE0-A00F-E7876A081ECE}.Debug|Any CPU.Build.0 = Development
		{4C87229C-7B5B-4AE0-A00F-E7876A081ECE}.Development|Any CPU.ActiveCfg = Development
		{4C87229C-7B5B-4AE0-A00F-E7876A081ECE}.Development|Any CPU.Build.0 = Development
		{4C87229C-7B5B-4AE0-A00F-E7876A081ECE}.Release|Any CPU.ActiveCfg = Development
		{4C87229C-7B5B-4AE0-A00F-E7876A081ECE}.Release|Any CPU.Build.0 = Development
		{3D52D374-1D4D-464E-8935-0CC0F7E17B7C}.Debug|Any CPU.ActiveCfg = Development
		{3D52D374-1D4D-464E-8935-0CC0F7E17B7C}.Debug|Any CPU.Build.0 = Development
		{3D52D374-1D4D-464E-8935-0CC0F7E17B7C}.Development|Any CPU.ActiveCfg = Development
		{3D52D374-1D4D-464E-8935-0CC0F7E17B7C}.Development|Any CPU.Build.0 = Development
		{3D52D374-1D4D-464E-8935-0CC0F7E17B7C}.Release|Any CPU.ActiveCfg = Development
		{3D52D374-1D4D-464E-8935-0CC0F7E17B7C}.Release|Any CPU.Build.0 = Development
		{D3ECF281-379A-4C17-B7B4-8451B5DA7BBA}.Debug|Any CPU.ActiveCfg = Development
		{D3ECF281-379A-4C17-B7B4-8451B5DA7BBA}.Debug|Any CPU.Build.0 = Development
		{D3ECF281-379A-4C17-B7B4-8451B5DA7BBA}.Development|Any CPU.ActiveCfg = Development
		{D3ECF281-379A-4C17-B7B4-8451B5DA7BBA}.Development|Any CPU.Build.0 = Development
		{D3ECF281-379A-4C17-B7B4-8451B5DA7BBA}.Release|Any CPU.ActiveCfg = Development
		{D3ECF281-379A-4C17-B7B4-8451B5DA7BBA}.Release|Any CPU.Build.0 = Development
		{A4AEB1A9-9643-4AAD-BFFB-AD968436B875}.Debug|Any CPU.ActiveCfg = Development
		{A4AEB1A9-9643-4AAD-BFFB-AD968436B875}.Debug|Any CPU.Build.0 = Development
		{A4AEB1A9-9643-4AAD-BFFB-AD968436B875}.Development|Any CPU.ActiveCfg = Development
		{A4AEB1A9-9643-4AAD-BFFB-AD968436B875}.Development|Any CPU.Build.0 = Development
		{A4AEB1A9-9643-4AAD-BFFB-AD968436B875}.Release|Any CPU.ActiveCfg = Development
		{A4AEB1A9-9643-4AAD-BFFB-AD968436B875}.Release|Any CPU.Build.0 = Development
		{A8179116-AEAF-48C9-89CA-EB88F3D4CD8B}.Debug|Any CPU.ActiveCfg = Development
		{A8179116-AEAF-48C9-89CA-EB88F3D4CD8B}.Debug|Any CPU.Build.0 = Development
		{A8179116-AEAF-48C9-89CA-EB88F3D4CD8B}.Development|Any CPU.ActiveCfg = Development
		{A8179116-AEAF-48C9-89CA-EB88F3D4CD8B}.Development|Any CPU.Build.0 = Development
		{A8179116-AEAF-48C9-89CA-EB88F3D4CD8B}.Release|Any CPU.ActiveCfg = Development
		{A8179116-AEAF-48C9-89CA-EB88F3D4CD8B}.Release|Any CPU.Build.0 = Development
		{306304BE-EBB6-4C10-8869-A484A22B80F7}.Debug|Any CPU.ActiveCfg = Development
		{306304BE-EBB6-4C10-8869-A484A22B80F7}.Debug|Any CPU.Build.0 = Development
		{306304BE-EBB6-4C10-8869-A484A22B80F7}.Development|Any CPU.ActiveCfg = Development
		{306304BE-EBB6-4C10-8869-A484A22B80F7}.Development|Any CPU.Build.0 = Development
		{306304BE-EBB6-4C10-8869-A484A22B80F7}.Release|Any CPU.ActiveCfg = Development
		{306304BE-EBB6-4C10-8869-A484A22B80F7}.Release|Any CPU.Build.0 = Development
		{2DE6F598-3BFA-46B8-A963-A35B5548D9B5}.Debug|Any CPU.ActiveCfg = Development
		{2DE6F598-3BFA-46B8-A963-A35B5548D9B5}.Debug|Any CPU.Build.0 = Development
		{2DE6F598-3BFA-46B8-A963-A35B5548D9B5}.Development|Any CPU.ActiveCfg = Development
		{2DE6F598-3BFA-46B8-A963-A35B5548D9B5}.Development|Any CPU.Build.0 = Development
		{2DE6F598-3BFA-46B8-A963-A35B5548D9B5}.Release|Any CPU.ActiveCfg = Development
		{2DE6F598-3BFA-46B8-A963-A35B5548D9B5}.Release|Any CPU.Build.0 = Development
		{97DED0D4-EE49-4418-88A6-7AD269AFDEA5}.Debug|Any CPU.ActiveCfg = Development
		{97DED0D4-EE49-4418-88A6-7AD269AFDEA5}.Debug|Any CPU.Build.0 = Development
		{97DED0D4-EE49-4418-88A6-7AD269AFDEA5}.Development|Any CPU.ActiveCfg = Development
		{97DED0D4-EE49-4418-88A6-7AD269AFDEA5}.Development|Any CPU.Build.0 = Development
		{97DED0D4-EE49-4418-88A6-7AD269AFDEA5}.Release|Any CPU.ActiveCfg = Development
		{97DED0D4-EE49-4418-88A6-7AD269AFDEA5}.Release|Any CPU.Build.0 = Development
		{15311057-B738-4D5E-BF7E-2D2EA6C2AB48}.Debug|Any CPU.ActiveCfg = Development
		{15311057-B738-4D5E-BF7E-2D2EA6C2AB48}.Debug|Any CPU.Build.0 = Development
		{15311057-B738-4D5E-BF7E-2D2EA6C2AB48}.Development|Any CPU.ActiveCfg = Development
		{15311057-B738-4D5E-BF7E-2D2EA6C2AB48}.Development|Any CPU.Build.0 = Development
		{15311057-B738-4D5E-BF7E-2D2EA6C2AB48}.Release|Any CPU.ActiveCfg = Development
		{15311057-B738-4D5E-BF7E-2D2EA6C2AB48}.Release|Any CPU.Build.0 = Development
		{A0880C50-998F-4439-AB34-EBA2F1362877}.Debug|Any CPU.ActiveCfg = Development
		{A0880C50-998F-4439-AB34-EBA2F1362877}.Debug|Any CPU.Build.0 = Development
		{A0880C50-998F-4439-AB34-EBA2F1362877}.Development|Any CPU.ActiveCfg = Development
		{A0880C50-998F-4439-AB34-EBA2F1362877}.Development|Any CPU.Build.0 = Development
		{A0880C50-998F-4439-AB34-EBA2F1362877}.Release|Any CPU.ActiveCfg = Development
		{A0880C50-998F-4439-AB34-EBA2F1362877}.Release|Any CPU.Build.0 = Development
		{B2F4D9D8-5714-49D3-8311-CA497D0804D5}.Debug|Any CPU.ActiveCfg = Development
		{B2F4D9D8-5714-49D3-8311-CA497D0804D5}.Debug|Any CPU.Build.0 = Development
		{B2F4D9D8-5714-49D3-8311-CA497D0804D5}.Development|Any CPU.ActiveCfg = Development
		{B2F4D9D8-5714-49D3-8311-CA497D0804D5}.Development|Any CPU.Build.0 = Development
		{B2F4D9D8-5714-49D3-8311-CA497D0804D5}.Release|Any CPU.ActiveCfg = Development
		{B2F4D9D8-5714-49D3-8311-CA497D0804D5}.Release|Any CPU.Build.0 = Development
		{5BA531E0-653F-47CC-B03D-41DF045F225A}.Debug|Any CPU.ActiveCfg = Development
		{5BA531E0-653F-47CC-B03D-41DF045F225A}.Debug|Any CPU.Build.0 = Development
		{5BA531E0-653F-47CC-B03D-41DF045F225A}.Development|Any CPU.ActiveCfg = Development
		{5BA531E0-653F-47CC-B03D-41DF045F225A}.Development|Any CPU.Build.0 = Development
		{5BA531E0-653F-47CC-B03D-41DF045F225A}.Release|Any CPU.ActiveCfg = Development
		{5BA531E0-653F-47CC-B03D-41DF045F225A}.Release|Any CPU.Build.0 = Development
		{8D701DDA-D72C-4D62-9E25-621D1366972B}.Debug|Any CPU.ActiveCfg = Development
		{8D701DDA-D72C-4D62-9E25-621D1366972B}.Debug|Any CPU.Build.0 = Development
		{8D701DDA-D72C-4D62-9E25-621D1366972B}.Development|Any CPU.ActiveCfg = Development
		{8D701DDA-D72C-4D62-9E25-621D1366972B}.Development|Any CPU.Build.0 = Development
		{8D701DDA-D72C-4D62-9E25-621D1366972B}.Release|Any CPU.ActiveCfg = Development
		{8D701DDA-D72C-4D62-9E25-621D1366972B}.Release|Any CPU.Build.0 = Development
		{BC301B76-2EC7-4A0D-ADB3-0A9052F0012A}.Debug|Any CPU.ActiveCfg = Development
		{BC301B76-2EC7-4A0D-ADB3-0A9052F0012A}.Debug|Any CPU.Build.0 = Development
		{BC301B76-2EC7-4A0D-ADB3-0A9052F0012A}.Development|Any CPU.ActiveCfg = Development
		{BC301B76-2EC7-4A0D-ADB3-0A9052F0012A}.Development|Any CPU.Build.0 = Development
		{BC301B76-2EC7-4A0D-ADB3-0A9052F0012A}.Release|Any CPU.ActiveCfg = Development
		{BC301B76-2EC7-4A0D-ADB3-0A9052F0012A}.Release|Any CPU.Build.0 = Development
		{E8CA7C74-677F-4814-8AF7-89445B6E9C46}.Debug|Any CPU.ActiveCfg = Development
		{E8CA7C74-677F-4814-8AF7-89445B6E9C46}.Debug|Any CPU.Build.0 = Development
		{E8CA7C74-677F-4814-8AF7-89445B6E9C46}.Development|Any CPU.ActiveCfg = Development
		{E8CA7C74-677F-4814-8AF7-89445B6E9C46}.Development|Any CPU.Build.0 = Development
		{E8CA7C74-677F-4814-8AF7-89445B6E9C46}.Release|Any CPU.ActiveCfg = Development
		{E8CA7C74-677F-4814-8AF7-89445B6E9C46}.Release|Any CPU.Build.0 = Development
		{D6BF850C-FD29-446F-8DC3-EA79330DFBC2}.Debug|Any CPU.ActiveCfg = Development
		{D6BF850C-FD29-446F-8DC3-EA79330DFBC2}.Debug|Any CPU.Build.0 = Development
		{D6BF850C-FD29-446F-8DC3-EA79330DFBC2}.Development|Any CPU.ActiveCfg = Development
		{D6BF850C-FD29-446F-8DC3-EA79330DFBC2}.Development|Any CPU.Build.0 = Development
		{D6BF850C-FD29-446F-8DC3-EA79330DFBC2}.Release|Any CPU.ActiveCfg = Development
		{D6BF850C-FD29-446F-8DC3-EA79330DFBC2}.Release|Any CPU.Build.0 = Development
		{BC0FA6C2-8229-44DC-80E3-452EE0BB8B84}.Debug|Any CPU.ActiveCfg = Development
		{BC0FA6C2-8229-44DC-80E3-452EE0BB8B84}.Debug|Any CPU.Build.0 = Development
		{BC0FA6C2-8229-44DC-80E3-452EE0BB8B84}.Development|Any CPU.ActiveCfg = Development
		{BC0FA6C2-8229-44DC-80E3-452EE0BB8B84}.Development|Any CPU.Build.0 = Development
		{BC0FA6C2-8229-44DC-80E3-452EE0BB8B84}.Release|Any CPU.ActiveCfg = Development
		{BC0FA6C2-8229-44DC-80E3-452EE0BB8B84}.Release|Any CPU.Build.0 = Development
		{EB7795F6-410C-46A9-8B82-DB3618274CF0}.Debug|Any CPU.ActiveCfg = Development
		{EB7795F6-410C-46A9-8B82-DB3618274CF0}.Debug|Any CPU.Build.0 = Development
		{EB7795F6-410C-46A9-8B82-DB3618274CF0}.Development|Any CPU.ActiveCfg = Development
		{EB7795F6-410C-46A9-8B82-DB3618274CF0}.Development|Any CPU.Build.0 = Development
		{EB7795F6-410C-46A9-8B82-DB3618274CF0}.Release|Any CPU.ActiveCfg = Development
		{EB7795F6-410C-46A9-8B82-DB3618274CF0}.Release|Any CPU.Build.0 = Development
		{626BF0C0-3373-4B8D-BE81-E2602343E557}.Debug|Any CPU.ActiveCfg = Development
		{626BF0C0-3373-4B8D-BE81-E2602343E557}.Debug|Any CPU.Build.0 = Development
		{626BF0C0-3373-4B8D-BE81-E2602343E557}.Development|Any CPU.ActiveCfg = Development
		{626BF0C0-3373-4B8D-BE81-E2602343E557}.Development|Any CPU.Build.0 = Development
		{626BF0C0-3373-4B8D-BE81-E2602343E557}.Release|Any CPU.ActiveCfg = Development
		{626BF0C0-3373-4B8D-BE81-E2602343E557}.Release|Any CPU.Build.0 = Development
		{0059BCBE-163D-41D6-9C8C-D73D1CB46348}.Debug|Any CPU.ActiveCfg = Development
		{0059BCBE-163D-41D6-9C8C-D73D1CB46348}.Debug|Any CPU.Build.0 = Development
		{0059BCBE-163D-41D6-9C8C-D73D1CB46348}.Development|Any CPU.ActiveCfg = Development
		{0059BCBE-163D-41D6-9C8C-D73D1CB46348}.Development|Any CPU.Build.0 = Development
		{0059BCBE-163D-41D6-9C8C-D73D1CB46348}.Release|Any CPU.ActiveCfg = Development
		{0059BCBE-163D-41D6-9C8C-D73D1CB46348}.Release|Any CPU.Build.0 = Development
		{C209BC34-30D1-4965-8BF7-AACC9A27CF21}.Debug|Any CPU.ActiveCfg = Development
		{C209BC34-30D1-4965-8BF7-AACC9A27CF21}.Debug|Any CPU.Build.0 = Development
		{C209BC34-30D1-4965-8BF7-AACC9A27CF21}.Development|Any CPU.ActiveCfg = Development
		{C209BC34-30D1-4965-8BF7-AACC9A27CF21}.Development|Any CPU.Build.0 = Development
		{C209BC34-30D1-4965-8BF7-AACC9A27CF21}.Release|Any CPU.ActiveCfg = Development
		{C209BC34-30D1-4965-8BF7-AACC9A27CF21}.Release|Any CPU.Build.0 = Development
		{8EA7232D-7B05-470B-9674-CAC2D5E5B7BA}.Debug|Any CPU.ActiveCfg = Development
		{8EA7232D-7B05-470B-9674-CAC2D5E5B7BA}.Debug|Any CPU.Build.0 = Development
		{8EA7232D-7B05-470B-9674-CAC2D5E5B7BA}.Development|Any CPU.ActiveCfg = Development
		{8EA7232D-7B05-470B-9674-CAC2D5E5B7BA}.Development|Any CPU.Build.0 = Development
		{8EA7232D-7B05-470B-9674-CAC2D5E5B7BA}.Release|Any CPU.ActiveCfg = Development
		{8EA7232D-7B05-470B-9674-CAC2D5E5B7BA}.Release|Any CPU.Build.0 = Development
		{D64B9E5E-3586-481A-AA26-867733118E98}.Debug|Any CPU.ActiveCfg = Development
		{D64B9E5E-3586-481A-AA26-867733118E98}.Debug|Any CPU.Build.0 = Development
		{D64B9E5E-3586-481A-AA26-867733118E98}.Development|Any CPU.ActiveCfg = Development
		{D64B9E5E-3586-481A-AA26-867733118E98}.Development|Any CPU.Build.0 = Development
		{D64B9E5E-3586-481A-AA26-867733118E98}.Release|Any CPU.ActiveCfg = Development
		{D64B9E5E-3586-481A-AA26-867733118E98}.Release|Any CPU.Build.0 = Development
		{6B502BDD-4555-4696-944F-91B74CA7978E}.Debug|Any CPU.ActiveCfg = Development
		{6B502BDD-4555-4696-944F-91B74CA7978E}.Debug|Any CPU.Build.0 = Development
		{6B502BDD-4555-4696-944F-91B74CA7978E}.Development|Any CPU.ActiveCfg = Development
		{6B502BDD-4555-4696-944F-91B74CA7978E}.Development|Any CPU.Build.0 = Development
		{6B502BDD-4555-4696-944F-91B74CA7978E}.Release|Any CPU.ActiveCfg = Development
		{6B502BDD-4555-4696-944F-91B74CA7978E}.Release|Any CPU.Build.0 = Development
		{2A9415E1-4C5E-417E-A250-360D5F29D156}.Debug|Any CPU.ActiveCfg = Development
		{2A9415E1-4C5E-417E-A250-360D5F29D156}.Debug|Any CPU.Build.0 = Development
		{2A9415E1-4C5E-417E-A250-360D5F29D156}.Development|Any CPU.ActiveCfg = Development
		{2A9415E1-4C5E-417E-A250-360D5F29D156}.Development|Any CPU.Build.0 = Development
		{2A9415E1-4C5E-417E-A250-360D5F29D156}.Release|Any CPU.ActiveCfg = Development
		{2A9415E1-4C5E-417E-A250-360D5F29D156}.Release|Any CPU.Build.0 = Development
		{FFF53B7C-E0BC-4690-93E2-70B814BEBD44}.Debug|Any CPU.ActiveCfg = Development
		{FFF53B7C-E0BC-4690-93E2-70B814BEBD44}.Debug|Any CPU.Build.0 = Development
		{FFF53B7C-E0BC-4690-93E2-70B814BEBD44}.Development|Any CPU.ActiveCfg = Development
		{FFF53B7C-E0BC-4690-93E2-70B814BEBD44}.Development|Any CPU.Build.0 = Development
		{FFF53B7C-E0BC-4690-93E2-70B814BEBD44}.Release|Any CPU.ActiveCfg = Development
		{FFF53B7C-E0BC-4690-93E2-70B814BEBD44}.Release|Any CPU.Build.0 = Development
		{42A77A5F-A2F0-4152-A62B-DA8F7C878043}.Debug|Any CPU.ActiveCfg = Development
		{42A77A5F-A2F0-4152-A62B-DA8F7C878043}.Debug|Any CPU.Build.0 = Development
		{42A77A5F-A2F0-4152-A62B-DA8F7C878043}.Development|Any CPU.ActiveCfg = Development
		{42A77A5F-A2F0-4152-A62B-DA8F7C878043}.Development|Any CPU.Build.0 = Development
		{42A77A5F-A2F0-4152-A62B-DA8F7C878043}.Release|Any CPU.ActiveCfg = Development
		{42A77A5F-A2F0-4152-A62B-DA8F7C878043}.Release|Any CPU.Build.0 = Development
		{F35BFDF6-93AC-4E04-A82F-5CE84D5DA72C}.Debug|Any CPU.ActiveCfg = Development
		{F35BFDF6-93AC-4E04-A82F-5CE84D5DA72C}.Debug|Any CPU.Build.0 = Development
		{F35BFDF6-93AC-4E04-A82F-5CE84D5DA72C}.Development|Any CPU.ActiveCfg = Development
		{F35BFDF6-93AC-4E04-A82F-5CE84D5DA72C}.Development|Any CPU.Build.0 = Development
		{F35BFDF6-93AC-4E04-A82F-5CE84D5DA72C}.Release|Any CPU.ActiveCfg = Development
		{F35BFDF6-93AC-4E04-A82F-5CE84D5DA72C}.Release|Any CPU.Build.0 = Development
		{67DF1BB7-BDA0-468F-B074-C0C0A1287621}.Debug|Any CPU.ActiveCfg = Development
		{67DF1BB7-BDA0-468F-B074-C0C0A1287621}.Debug|Any CPU.Build.0 = Development
		{67DF1BB7-BDA0-468F-B074-C0C0A1287621}.Development|Any CPU.ActiveCfg = Development
		{67DF1BB7-BDA0-468F-B074-C0C0A1287621}.Development|Any CPU.Build.0 = Development
		{67DF1BB7-BDA0-468F-B074-C0C0A1287621}.Release|Any CPU.ActiveCfg = Development
		{67DF1BB7-BDA0-468F-B074-C0C0A1287621}.Release|Any CPU.Build.0 = Development
		{61783A30-D469-4733-9557-109C7106E537}.Debug|Any CPU.ActiveCfg = Development
		{61783A30-D469-4733-9557-109C7106E537}.Debug|Any CPU.Build.0 = Development
		{61783A30-D469-4733-9557-109C7106E537}.Development|Any CPU.ActiveCfg = Development
		{61783A30-D469-4733-9557-109C7106E537}.Development|Any CPU.Build.0 = Development
		{61783A30-D469-4733-9557-109C7106E537}.Release|Any CPU.ActiveCfg = Development
		{61783A30-D469-4733-9557-109C7106E537}.Release|Any CPU.Build.0 = Development
		{9D62936F-13FF-4D6E-B30D-612D7889D792}.Debug|Any CPU.ActiveCfg = Development
		{9D62936F-13FF-4D6E-B30D-612D7889D792}.Debug|Any CPU.Build.0 = Development
		{9D62936F-13FF-4D6E-B30D-612D7889D792}.Development|Any CPU.ActiveCfg = Development
		{9D62936F-13FF-4D6E-B30D-612D7889D792}.Development|Any CPU.Build.0 = Development
		{9D62936F-13FF-4D6E-B30D-612D7889D792}.Release|Any CPU.ActiveCfg = Development
		{9D62936F-13FF-4D6E-B30D-612D7889D792}.Release|Any CPU.Build.0 = Development
		{254050A7-0A0C-4442-ACF7-C44E25A0DAAB}.Debug|Any CPU.ActiveCfg = Development
		{254050A7-0A0C-4442-ACF7-C44E25A0DAAB}.Debug|Any CPU.Build.0 = Development
		{254050A7-0A0C-4442-ACF7-C44E25A0DAAB}.Development|Any CPU.ActiveCfg = Development
		{254050A7-0A0C-4442-ACF7-C44E25A0DAAB}.Development|Any CPU.Build.0 = Development
		{254050A7-0A0C-4442-ACF7-C44E25A0DAAB}.Release|Any CPU.ActiveCfg = Development
		{254050A7-0A0C-4442-ACF7-C44E25A0DAAB}.Release|Any CPU.Build.0 = Development
	EndGlobalSection
	GlobalSection(SolutionProperties) = preSolution
		HideSolutionNode = FALSE
	EndGlobalSection
	GlobalSection(ExtensibilityGlobals) = postSolution
		SolutionGuid = {0D5C7230-D481-4869-A032-D5B2730F88EE}
	EndGlobalSection
EndGlobal
